
Microsoft Visual Studio Solution File, Format Version 12.00
# Visual Studio 15
Project("{FAE04EC0-301F-11D3-BF4B-00C04F79EFBC}") = "ExceptionHandling106", "ExceptionHandling106\ExceptionHandling106.csproj", "{25A019AC-6CAC-42D1-8D06-F120AE8F69E7}"
EndProject
Global
	GlobalSection(SolutionConfigurationPlatforms) = preSolution
		Debug|Any CPU = Debug|Any CPU
		Release|Any CPU = Release|Any CPU
	EndGlobalSection
	GlobalSection(ProjectConfigurationPlatforms) = postSolution
		{25A019AC-6CAC-42D1-8D06-F120AE8F69E7}.Debug|Any CPU.ActiveCfg = Debug|Any CPU
		{25A019AC-6CAC-42D1-8D06-F120AE8F69E7}.Debug|Any CPU.Build.0 = Debug|Any CPU
		{25A019AC-6CAC-42D1-8D06-F120AE8F69E7}.Release|Any CPU.ActiveCfg = Release|Any CPU
		{25A019AC-6CAC-42D1-8D06-F120AE8F69E7}.Release|Any CPU.Build.0 = Release|Any CPU
	EndGlobalSection
EndGlobal
